# This file is autogenerated, do not edit; changes may be undone by the next 'dep ensure'.


[[projects]]
  name = "github.com/julienschmidt/httprouter"
  packages = ["."]
  revision = "8c199fb6259ffc1af525cc3ad52ee60ba8359669"
  version = "v1.1"

[[projects]]
  branch = "master"
  name = "github.com/normegil/formats"
  packages = ["url"]
  revision = "d8e35934f96a18da970ae338566f8a58192edd3d"

[[projects]]
  name = "github.com/pkg/errors"
  packages = ["."]
  revision = "645ef00459ed84a119197bfb8d8205042c6df63d"
  version = "v0.8.0"

[solve-meta]
  analyzer-name = "dep"
  analyzer-version = 1
  inputs-digest = "6ee52fe83138c04dc65ba54cef9e88dcd67a143657526e023ef8b1afd09cf859"
  solver-name = "gps-cdcl"
  solver-version = 1
